
Microsoft Visual Studio Solution File, Format Version 12.00
Project("{FAE04EC0-301F-11D3-BF4B-00C04F79EFBC}") = "CakeBuild", "CakeBuild\CakeBuild.csproj", "{796ECF77-8B62-4930-AF5E-B8CA5053FB12}"
EndProject
Project("{FAE04EC0-301F-11D3-BF4B-00C04F79EFBC}") = "DiscordPigeonToIngame", "DiscordPigeonToIngame\DiscordPigeonToIngame.csproj", "{48E4D631-28A6-4F3A-A75C-689052239651}"
EndProject
Global
	GlobalSection(SolutionConfigurationPlatforms) = preSolution
		Debug|Any CPU = Debug|Any CPU
		Release|Any CPU = Release|Any CPU
	EndGlobalSection
	GlobalSection(ProjectConfigurationPlatforms) = postSolution
		{796ECF77-8B62-4930-AF5E-B8CA5053FB12}.Debug|Any CPU.ActiveCfg = Debug|Any CPU
		{796ECF77-8B62-4930-AF5E-B8CA5053FB12}.Debug|Any CPU.Build.0 = Debug|Any CPU
		{796ECF77-8B62-4930-AF5E-B8CA5053FB12}.Release|Any CPU.ActiveCfg = Release|Any CPU
		{796ECF77-8B62-4930-AF5E-B8CA5053FB12}.Release|Any CPU.Build.0 = Release|Any CPU
		{48E4D631-28A6-4F3A-A75C-689052239651}.Debug|Any CPU.ActiveCfg = Debug|Any CPU
		{48E4D631-28A6-4F3A-A75C-689052239651}.Debug|Any CPU.Build.0 = Debug|Any CPU
		{48E4D631-28A6-4F3A-A75C-689052239651}.Release|Any CPU.ActiveCfg = Release|Any CPU
		{48E4D631-28A6-4F3A-A75C-689052239651}.Release|Any CPU.Build.0 = Release|Any CPU
	EndGlobalSection
EndGlobal
